
Microsoft Visual Studio Solution File, Format Version 12.00
# Visual Studio Version 17
VisualStudioVersion = 17.13.35919.96
MinimumVisualStudioVersion = 10.0.40219.1
Project("{FAE04EC0-301F-11D3-BF4B-00C04F79EFBC}") = "Banking", "Banking\Banking.csproj", "{AE2F5869-4C65-40F9-AC34-5421BD52C0F8}"
EndProject
Project("{FAE04EC0-301F-11D3-BF4B-00C04F79EFBC}") = "Banking.DAL", "Banking.DAL\Banking.DAL.csproj", "{A4D3666F-0C53-4EA0-9EC9-935A2805EAF9}"
EndProject
Project("{FAE04EC0-301F-11D3-BF4B-00C04F79EFBC}") = "Banking.Tests", "Banking.Tests\Banking.Tests.csproj", "{E39ECECA-CFDC-46AF-8B48-ADDAF8DD6438}"
EndProject
Global
	GlobalSection(SolutionConfigurationPlatforms) = preSolution
		Debug|Any CPU = Debug|Any CPU
		Debug|x64 = Debug|x64
		Debug|x86 = Debug|x86
		Release|Any CPU = Release|Any CPU
		Release|x64 = Release|x64
		Release|x86 = Release|x86
	EndGlobalSection
	GlobalSection(ProjectConfigurationPlatforms) = postSolution
		{AE2F5869-4C65-40F9-AC34-5421BD52C0F8}.Debug|Any CPU.ActiveCfg = Debug|Any CPU
		{AE2F5869-4C65-40F9-AC34-5421BD52C0F8}.Debug|Any CPU.Build.0 = Debug|Any CPU
		{AE2F5869-4C65-40F9-AC34-5421BD52C0F8}.Debug|x64.ActiveCfg = Debug|Any CPU
		{AE2F5869-4C65-40F9-AC34-5421BD52C0F8}.Debug|x64.Build.0 = Debug|Any CPU
		{AE2F5869-4C65-40F9-AC34-5421BD52C0F8}.Debug|x86.ActiveCfg = Debug|Any CPU
		{AE2F5869-4C65-40F9-AC34-5421BD52C0F8}.Debug|x86.Build.0 = Debug|Any CPU
		{AE2F5869-4C65-40F9-AC34-5421BD52C0F8}.Release|Any CPU.ActiveCfg = Release|Any CPU
		{AE2F5869-4C65-40F9-AC34-5421BD52C0F8}.Release|Any CPU.Build.0 = Release|Any CPU
		{AE2F5869-4C65-40F9-AC34-5421BD52C0F8}.Release|x64.ActiveCfg = Release|Any CPU
		{AE2F5869-4C65-40F9-AC34-5421BD52C0F8}.Release|x64.Build.0 = Release|Any CPU
		{AE2F5869-4C65-40F9-AC34-5421BD52C0F8}.Release|x86.ActiveCfg = Release|Any CPU
		{AE2F5869-4C65-40F9-AC34-5421BD52C0F8}.Release|x86.Build.0 = Release|Any CPU
		{A4D3666F-0C53-4EA0-9EC9-935A2805EAF9}.Debug|Any CPU.ActiveCfg = Debug|Any CPU
		{A4D3666F-0C53-4EA0-9EC9-935A2805EAF9}.Debug|Any CPU.Build.0 = Debug|Any CPU
		{A4D3666F-0C53-4EA0-9EC9-935A2805EAF9}.Debug|x64.ActiveCfg = Debug|Any CPU
		{A4D3666F-0C53-4EA0-9EC9-935A2805EAF9}.Debug|x64.Build.0 = Debug|Any CPU
		{A4D3666F-0C53-4EA0-9EC9-935A2805EAF9}.Debug|x86.ActiveCfg = Debug|Any CPU
		{A4D3666F-0C53-4EA0-9EC9-935A2805EAF9}.Debug|x86.Build.0 = Debug|Any CPU
		{A4D3666F-0C53-4EA0-9EC9-935A2805EAF9}.Release|Any CPU.ActiveCfg = Release|Any CPU
		{A4D3666F-0C53-4EA0-9EC9-935A2805EAF9}.Release|Any CPU.Build.0 = Release|Any CPU
		{A4D3666F-0C53-4EA0-9EC9-935A2805EAF9}.Release|x64.ActiveCfg = Release|Any CPU
		{A4D3666F-0C53-4EA0-9EC9-935A2805EAF9}.Release|x64.Build.0 = Release|Any CPU
		{A4D3666F-0C53-4EA0-9EC9-935A2805EAF9}.Release|x86.ActiveCfg = Release|Any CPU
		{A4D3666F-0C53-4EA0-9EC9-935A2805EAF9}.Release|x86.Build.0 = Release|Any CPU
		{E39ECECA-CFDC-46AF-8B48-ADDAF8DD6438}.Debug|Any CPU.ActiveCfg = Debug|Any CPU
		{E39ECECA-CFDC-46AF-8B48-ADDAF8DD6438}.Debug|Any CPU.Build.0 = Debug|Any CPU
		{E39ECECA-CFDC-46AF-8B48-ADDAF8DD6438}.Debug|x64.ActiveCfg = Debug|Any CPU
		{E39ECECA-CFDC-46AF-8B48-ADDAF8DD6438}.Debug|x64.Build.0 = Debug|Any CPU
		{E39ECECA-CFDC-46AF-8B48-ADDAF8DD6438}.Debug|x86.ActiveCfg = Debug|Any CPU
		{E39ECECA-CFDC-46AF-8B48-ADDAF8DD6438}.Debug|x86.Build.0 = Debug|Any CPU
		{E39ECECA-CFDC-46AF-8B48-ADDAF8DD6438}.Release|Any CPU.ActiveCfg = Release|Any CPU
		{E39ECECA-CFDC-46AF-8B48-ADDAF8DD6438}.Release|Any CPU.Build.0 = Release|Any CPU
		{E39ECECA-CFDC-46AF-8B48-ADDAF8DD6438}.Release|x64.ActiveCfg = Release|Any CPU
		{E39ECECA-CFDC-46AF-8B48-ADDAF8DD6438}.Release|x64.Build.0 = Release|Any CPU
		{E39ECECA-CFDC-46AF-8B48-ADDAF8DD6438}.Release|x86.ActiveCfg = Release|Any CPU
		{E39ECECA-CFDC-46AF-8B48-ADDAF8DD6438}.Release|x86.Build.0 = Release|Any CPU
	EndGlobalSection
	GlobalSection(SolutionProperties) = preSolution
		HideSolutionNode = FALSE
	EndGlobalSection
	GlobalSection(ExtensibilityGlobals) = postSolution
		SolutionGuid = {3DA8FA18-220D-45F8-986F-CBACE0956D27}
	EndGlobalSection
EndGlobal
